
Microsoft Visual Studio Solution File, Format Version 12.00
# Visual Studio 2013
VisualStudioVersion = 12.0.31101.0
MinimumVisualStudioVersion = 10.0.40219.1
Project("{FAE04EC0-301F-11D3-BF4B-00C04F79EFBC}") = "SynchUpdatedFiles", "SynchUpdatedFiles\SynchUpdatedFiles.csproj", "{458A25A0-0C82-4B3F-9BCA-722D350FA058}"
EndProject
Global
	GlobalSection(SolutionConfigurationPlatforms) = preSolution
		Debug|Any CPU = Debug|Any CPU
		Release|Any CPU = Release|Any CPU
	EndGlobalSection
	GlobalSection(ProjectConfigurationPlatforms) = postSolution
		{458A25A0-0C82-4B3F-9BCA-722D350FA058}.Debug|Any CPU.ActiveCfg = Debug|Any CPU
		{458A25A0-0C82-4B3F-9BCA-722D350FA058}.Debug|Any CPU.Build.0 = Debug|Any CPU
		{458A25A0-0C82-4B3F-9BCA-722D350FA058}.Release|Any CPU.ActiveCfg = Release|Any CPU
		{458A25A0-0C82-4B3F-9BCA-722D350FA058}.Release|Any CPU.Build.0 = Release|Any CPU
	EndGlobalSection
	GlobalSection(SolutionProperties) = preSolution
		HideSolutionNode = FALSE
	EndGlobalSection
EndGlobal
